
Microsoft Visual Studio Solution File, Format Version 12.00
# Visual Studio Version 16
VisualStudioVersion = 25.0.1700.5
MinimumVisualStudioVersion = 10.0.40219.1
Project("{FAE04EC0-301F-11D3-BF4B-00C04F79EFBC}") = "OperatorExercise", "OperatorExercise\OperatorExercise.csproj", "{4C3E10EE-38BE-40DF-B20C-0BCF5F16B4D2}"
EndProject
Global
	GlobalSection(SolutionConfigurationPlatforms) = preSolution
		Debug|Any CPU = Debug|Any CPU
		Release|Any CPU = Release|Any CPU
	EndGlobalSection
	GlobalSection(ProjectConfigurationPlatforms) = postSolution
		{4C3E10EE-38BE-40DF-B20C-0BCF5F16B4D2}.Debug|Any CPU.ActiveCfg = Debug|Any CPU
		{4C3E10EE-38BE-40DF-B20C-0BCF5F16B4D2}.Debug|Any CPU.Build.0 = Debug|Any CPU
		{4C3E10EE-38BE-40DF-B20C-0BCF5F16B4D2}.Release|Any CPU.ActiveCfg = Release|Any CPU
		{4C3E10EE-38BE-40DF-B20C-0BCF5F16B4D2}.Release|Any CPU.Build.0 = Release|Any CPU
	EndGlobalSection
	GlobalSection(SolutionProperties) = preSolution
		HideSolutionNode = FALSE
	EndGlobalSection
	GlobalSection(ExtensibilityGlobals) = postSolution
		SolutionGuid = {D429FE91-2E2D-47D7-9B5E-E54D612F0B00}
	EndGlobalSection
EndGlobal
